
Microsoft Visual Studio Solution File, Format Version 12.00
# Visual Studio 15
VisualStudioVersion = 15.0.26124.0
MinimumVisualStudioVersion = 15.0.26124.0
Project("{FAE04EC0-301F-11D3-BF4B-00C04F79EFBC}") = "Domain", "Domain\Domain.csproj", "{A46C0E58-2A81-4DF8-9220-1166DFEE720D}"
EndProject
Project("{FAE04EC0-301F-11D3-BF4B-00C04F79EFBC}") = "Application", "Application\Application.csproj", "{5B49D2D1-9700-4DE8-AD19-B8F1FD03C47C}"
EndProject
Project("{FAE04EC0-301F-11D3-BF4B-00C04F79EFBC}") = "Persistence", "Persistence\Persistence.csproj", "{B5A24866-FA27-4F98-BB3D-C0A2CABD3015}"
EndProject
Global
	GlobalSection(SolutionConfigurationPlatforms) = preSolution
		Debug|Any CPU = Debug|Any CPU
		Debug|x64 = Debug|x64
		Debug|x86 = Debug|x86
		Release|Any CPU = Release|Any CPU
		Release|x64 = Release|x64
		Release|x86 = Release|x86
	EndGlobalSection
	GlobalSection(SolutionProperties) = preSolution
		HideSolutionNode = FALSE
	EndGlobalSection
	GlobalSection(ProjectConfigurationPlatforms) = postSolution
		{A46C0E58-2A81-4DF8-9220-1166DFEE720D}.Debug|Any CPU.ActiveCfg = Debug|Any CPU
		{A46C0E58-2A81-4DF8-9220-1166DFEE720D}.Debug|Any CPU.Build.0 = Debug|Any CPU
		{A46C0E58-2A81-4DF8-9220-1166DFEE720D}.Debug|x64.ActiveCfg = Debug|Any CPU
		{A46C0E58-2A81-4DF8-9220-1166DFEE720D}.Debug|x64.Build.0 = Debug|Any CPU
		{A46C0E58-2A81-4DF8-9220-1166DFEE720D}.Debug|x86.ActiveCfg = Debug|Any CPU
		{A46C0E58-2A81-4DF8-9220-1166DFEE720D}.Debug|x86.Build.0 = Debug|Any CPU
		{A46C0E58-2A81-4DF8-9220-1166DFEE720D}.Release|Any CPU.ActiveCfg = Release|Any CPU
		{A46C0E58-2A81-4DF8-9220-1166DFEE720D}.Release|Any CPU.Build.0 = Release|Any CPU
		{A46C0E58-2A81-4DF8-9220-1166DFEE720D}.Release|x64.ActiveCfg = Release|Any CPU
		{A46C0E58-2A81-4DF8-9220-1166DFEE720D}.Release|x64.Build.0 = Release|Any CPU
		{A46C0E58-2A81-4DF8-9220-1166DFEE720D}.Release|x86.ActiveCfg = Release|Any CPU
		{A46C0E58-2A81-4DF8-9220-1166DFEE720D}.Release|x86.Build.0 = Release|Any CPU
		{5B49D2D1-9700-4DE8-AD19-B8F1FD03C47C}.Debug|Any CPU.ActiveCfg = Debug|Any CPU
		{5B49D2D1-9700-4DE8-AD19-B8F1FD03C47C}.Debug|Any CPU.Build.0 = Debug|Any CPU
		{5B49D2D1-9700-4DE8-AD19-B8F1FD03C47C}.Debug|x64.ActiveCfg = Debug|Any CPU
		{5B49D2D1-9700-4DE8-AD19-B8F1FD03C47C}.Debug|x64.Build.0 = Debug|Any CPU
		{5B49D2D1-9700-4DE8-AD19-B8F1FD03C47C}.Debug|x86.ActiveCfg = Debug|Any CPU
		{5B49D2D1-9700-4DE8-AD19-B8F1FD03C47C}.Debug|x86.Build.0 = Debug|Any CPU
		{5B49D2D1-9700-4DE8-AD19-B8F1FD03C47C}.Release|Any CPU.ActiveCfg = Release|Any CPU
		{5B49D2D1-9700-4DE8-AD19-B8F1FD03C47C}.Release|Any CPU.Build.0 = Release|Any CPU
		{5B49D2D1-9700-4DE8-AD19-B8F1FD03C47C}.Release|x64.ActiveCfg = Release|Any CPU
		{5B49D2D1-9700-4DE8-AD19-B8F1FD03C47C}.Release|x64.Build.0 = Release|Any CPU
		{5B49D2D1-9700-4DE8-AD19-B8F1FD03C47C}.Release|x86.ActiveCfg = Release|Any CPU
		{5B49D2D1-9700-4DE8-AD19-B8F1FD03C47C}.Release|x86.Build.0 = Release|Any CPU
		{B5A24866-FA27-4F98-BB3D-C0A2CABD3015}.Debug|Any CPU.ActiveCfg = Debug|Any CPU
		{B5A24866-FA27-4F98-BB3D-C0A2CABD3015}.Debug|Any CPU.Build.0 = Debug|Any CPU
		{B5A24866-FA27-4F98-BB3D-C0A2CABD3015}.Debug|x64.ActiveCfg = Debug|Any CPU
		{B5A24866-FA27-4F98-BB3D-C0A2CABD3015}.Debug|x64.Build.0 = Debug|Any CPU
		{B5A24866-FA27-4F98-BB3D-C0A2CABD3015}.Debug|x86.ActiveCfg = Debug|Any CPU
		{B5A24866-FA27-4F98-BB3D-C0A2CABD3015}.Debug|x86.Build.0 = Debug|Any CPU
		{B5A24866-FA27-4F98-BB3D-C0A2CABD3015}.Release|Any CPU.ActiveCfg = Release|Any CPU
		{B5A24866-FA27-4F98-BB3D-C0A2CABD3015}.Release|Any CPU.Build.0 = Release|Any CPU
		{B5A24866-FA27-4F98-BB3D-C0A2CABD3015}.Release|x64.ActiveCfg = Release|Any CPU
		{B5A24866-FA27-4F98-BB3D-C0A2CABD3015}.Release|x64.Build.0 = Release|Any CPU
		{B5A24866-FA27-4F98-BB3D-C0A2CABD3015}.Release|x86.ActiveCfg = Release|Any CPU
		{B5A24866-FA27-4F98-BB3D-C0A2CABD3015}.Release|x86.Build.0 = Release|Any CPU
	EndGlobalSection
EndGlobal
